PODS:
  - PhysicsEngine (1)

DEPENDENCIES:
  - PhysicsEngine (from `https://github.com/riwu/BubbleMania.git`, branch `cocoapod`, tag `1`)

EXTERNAL SOURCES:
  PhysicsEngine:
    :branch: cocoapod
    :git: https://github.com/riwu/BubbleMania.git
    :tag: '1'

CHECKOUT OPTIONS:
  PhysicsEngine:
    :commit: 5982d513078b59fab0a76d03cd3bd39a70997f14
    :git: https://github.com/riwu/BubbleMania.git
    :tag: '1'

SPEC CHECKSUMS:
  PhysicsEngine: 644b5c6c95ef59ddeacbe5d6c9dcadc03d87cdad

PODFILE CHECKSUM: f2d76cbcf960bf02a402aebb4145c1aeb217baea

COCOAPODS: 1.1.1
